
Microsoft Visual Studio Solution File, Format Version 12.00
# Visual Studio Version 17
VisualStudioVersion = 17.3.32825.248
MinimumVisualStudioVersion = 10.0.40219.1
Project("{9A19103F-16F7-4668-BE54-9A1E7A4F7556}") = "Tool.Console", "Tool.Console\Tool.Console.csproj", "{9FF08E1C-2ED4-45EF-B312-AB86338AE95C}"
EndProject
Project("{FAE04EC0-301F-11D3-BF4B-00C04F79EFBC}") = "Tool.Core", "Tool.Core\Tool.Core.csproj", "{D52AB2C6-0DC2-435F-93A9-4B809307DE2D}"
EndProject
Project("{FAE04EC0-301F-11D3-BF4B-00C04F79EFBC}") = "Tool.UI", "Tool.UI\Tool.UI.csproj", "{459F4B83-101F-4164-9AE5-5C1491A25C90}"
EndProject
Global
	GlobalSection(SolutionConfigurationPlatforms) = preSolution
		Debug|Any CPU = Debug|Any CPU
		Release|Any CPU = Release|Any CPU
	EndGlobalSection
	GlobalSection(ProjectConfigurationPlatforms) = postSolution
		{9FF08E1C-2ED4-45EF-B312-AB86338AE95C}.Debug|Any CPU.ActiveCfg = Debug|Any CPU
		{9FF08E1C-2ED4-45EF-B312-AB86338AE95C}.Debug|Any CPU.Build.0 = Debug|Any CPU
		{9FF08E1C-2ED4-45EF-B312-AB86338AE95C}.Release|Any CPU.ActiveCfg = Release|Any CPU
		{9FF08E1C-2ED4-45EF-B312-AB86338AE95C}.Release|Any CPU.Build.0 = Release|Any CPU
		{D52AB2C6-0DC2-435F-93A9-4B809307DE2D}.Debug|Any CPU.ActiveCfg = Debug|Any CPU
		{D52AB2C6-0DC2-435F-93A9-4B809307DE2D}.Debug|Any CPU.Build.0 = Debug|Any CPU
		{D52AB2C6-0DC2-435F-93A9-4B809307DE2D}.Release|Any CPU.ActiveCfg = Release|Any CPU
		{D52AB2C6-0DC2-435F-93A9-4B809307DE2D}.Release|Any CPU.Build.0 = Release|Any CPU
		{459F4B83-101F-4164-9AE5-5C1491A25C90}.Debug|Any CPU.ActiveCfg = Debug|Any CPU
		{459F4B83-101F-4164-9AE5-5C1491A25C90}.Debug|Any CPU.Build.0 = Debug|Any CPU
		{459F4B83-101F-4164-9AE5-5C1491A25C90}.Release|Any CPU.ActiveCfg = Release|Any CPU
		{459F4B83-101F-4164-9AE5-5C1491A25C90}.Release|Any CPU.Build.0 = Release|Any CPU
	EndGlobalSection
	GlobalSection(SolutionProperties) = preSolution
		HideSolutionNode = FALSE
	EndGlobalSection
	GlobalSection(ExtensibilityGlobals) = postSolution
		SolutionGuid = {9A679D64-20B1-42BC-95FE-7C793B396BD2}
	EndGlobalSection
EndGlobal
